
Microsoft Visual Studio Solution File, Format Version 12.00
# Visual Studio Version 17
VisualStudioVersion = 17.2.32616.157
MinimumVisualStudioVersion = 10.0.40219.1
Project("{9A19103F-16F7-4668-BE54-9A1E7A4F7556}") = "OptimaValue", "OptimaValue.csproj", "{31ECA409-EF3C-47C6-BEA7-E214A0445F38}"
EndProject
Project("{9A19103F-16F7-4668-BE54-9A1E7A4F7556}") = "OptimaValue.Config", "Projects\OptimaValue.Settings\OptimaValue.Config.csproj", "{C311D2D1-A13E-4414-8D87-76BBA2E70E8B}"
EndProject
Project("{9A19103F-16F7-4668-BE54-9A1E7A4F7556}") = "OptimaValue.Trend", "Projects\OptimaValue.Trend\OptimaValue.Trend.csproj", "{B4CE7D70-DF89-46A7-99A8-C68B41483F29}"
EndProject
Project("{9A19103F-16F7-4668-BE54-9A1E7A4F7556}") = "OptimaValue.LogViewer", "Projects\OptimaValue.LogViewer\OptimaValue.LogViewer.csproj", "{79A13010-4BFC-40BD-8CD1-5E85FB8E68C8}"
EndProject
Project("{9A19103F-16F7-4668-BE54-9A1E7A4F7556}") = "OptimaValue.Service", "Projects\OptimaValue.Service\OptimaValue.Service.csproj", "{3D952090-E6B5-4F0A-AFD5-87CCAFF8E601}"
EndProject
Project("{9A19103F-16F7-4668-BE54-9A1E7A4F7556}") = "FileLogger", "..\FileLogger\Logger\FileLogger.csproj", "{DB908299-3BAA-4411-913C-35889E5B7EE0}"
EndProject
Project("{9A19103F-16F7-4668-BE54-9A1E7A4F7556}") = "OpcUaHm", "..\OpcUa\OpcUa\OpcUaHm.csproj", "{86C35828-1D68-4C66-A587-738A8C45AC35}"
EndProject
Project("{9A19103F-16F7-4668-BE54-9A1E7A4F7556}") = "OpcUa.UI", "..\OpcUa\OpcUa.UI\OpcUa.UI.csproj", "{7A73FA94-5616-472C-ACDD-FD2E3F46EC2C}"
EndProject
Project("{54435603-DBB4-11D2-8724-00A0C9A8B90C}") = "OptimaValue.Installer", "..\OptimaValue.Installer\OptimaValue.Installer.vdproj", "{49D0A0BE-C15F-40A3-8899-3BD5FE6F5CA0}"
EndProject
Global
	GlobalSection(SolutionConfigurationPlatforms) = preSolution
		Debug|Any CPU = Debug|Any CPU
		Debug|arm64 = Debug|arm64
		Debug|x64 = Debug|x64
		Debug|x86 = Debug|x86
		DefaultBuild|Any CPU = DefaultBuild|Any CPU
		DefaultBuild|arm64 = DefaultBuild|arm64
		DefaultBuild|x64 = DefaultBuild|x64
		DefaultBuild|x86 = DefaultBuild|x86
		Release|Any CPU = Release|Any CPU
		Release|arm64 = Release|arm64
		Release|x64 = Release|x64
		Release|x86 = Release|x86
	EndGlobalSection
	GlobalSection(ProjectConfigurationPlatforms) = postSolution
		{31ECA409-EF3C-47C6-BEA7-E214A0445F38}.Debug|Any CPU.ActiveCfg = Debug|Any CPU
		{31ECA409-EF3C-47C6-BEA7-E214A0445F38}.Debug|Any CPU.Build.0 = Debug|Any CPU
		{31ECA409-EF3C-47C6-BEA7-E214A0445F38}.Debug|arm64.ActiveCfg = Debug|Any CPU
		{31ECA409-EF3C-47C6-BEA7-E214A0445F38}.Debug|arm64.Build.0 = Debug|Any CPU
		{31ECA409-EF3C-47C6-BEA7-E214A0445F38}.Debug|x64.ActiveCfg = Debug|x64
		{31ECA409-EF3C-47C6-BEA7-E214A0445F38}.Debug|x64.Build.0 = Debug|x64
		{31ECA409-EF3C-47C6-BEA7-E214A0445F38}.Debug|x86.ActiveCfg = Debug|Any CPU
		{31ECA409-EF3C-47C6-BEA7-E214A0445F38}.Debug|x86.Build.0 = Debug|Any CPU
		{31ECA409-EF3C-47C6-BEA7-E214A0445F38}.DefaultBuild|Any CPU.ActiveCfg = Debug|Any CPU
		{31ECA409-EF3C-47C6-BEA7-E214A0445F38}.DefaultBuild|Any CPU.Build.0 = Debug|Any CPU
		{31ECA409-EF3C-47C6-BEA7-E214A0445F38}.DefaultBuild|arm64.ActiveCfg = Debug|Any CPU
		{31ECA409-EF3C-47C6-BEA7-E214A0445F38}.DefaultBuild|arm64.Build.0 = Debug|Any CPU
		{31ECA409-EF3C-47C6-BEA7-E214A0445F38}.DefaultBuild|x64.ActiveCfg = Debug|x64
		{31ECA409-EF3C-47C6-BEA7-E214A0445F38}.DefaultBuild|x64.Build.0 = Debug|x64
		{31ECA409-EF3C-47C6-BEA7-E214A0445F38}.DefaultBuild|x86.ActiveCfg = Debug|Any CPU
		{31ECA409-EF3C-47C6-BEA7-E214A0445F38}.DefaultBuild|x86.Build.0 = Debug|Any CPU
		{31ECA409-EF3C-47C6-BEA7-E214A0445F38}.Release|Any CPU.ActiveCfg = Release|Any CPU
		{31ECA409-EF3C-47C6-BEA7-E214A0445F38}.Release|Any CPU.Build.0 = Release|Any CPU
		{31ECA409-EF3C-47C6-BEA7-E214A0445F38}.Release|arm64.ActiveCfg = Release|Any CPU
		{31ECA409-EF3C-47C6-BEA7-E214A0445F38}.Release|arm64.Build.0 = Release|Any CPU
		{31ECA409-EF3C-47C6-BEA7-E214A0445F38}.Release|x64.ActiveCfg = Release|Any CPU
		{31ECA409-EF3C-47C6-BEA7-E214A0445F38}.Release|x64.Build.0 = Release|Any CPU
		{31ECA409-EF3C-47C6-BEA7-E214A0445F38}.Release|x86.ActiveCfg = Release|Any CPU
		{31ECA409-EF3C-47C6-BEA7-E214A0445F38}.Release|x86.Build.0 = Release|Any CPU
		{C311D2D1-A13E-4414-8D87-76BBA2E70E8B}.Debug|Any CPU.ActiveCfg = Debug|Any CPU
		{C311D2D1-A13E-4414-8D87-76BBA2E70E8B}.Debug|Any CPU.Build.0 = Debug|Any CPU
		{C311D2D1-A13E-4414-8D87-76BBA2E70E8B}.Debug|arm64.ActiveCfg = Debug|Any CPU
		{C311D2D1-A13E-4414-8D87-76BBA2E70E8B}.Debug|arm64.Build.0 = Debug|Any CPU
		{C311D2D1-A13E-4414-8D87-76BBA2E70E8B}.Debug|x64.ActiveCfg = Debug|Any CPU
		{C311D2D1-A13E-4414-8D87-76BBA2E70E8B}.Debug|x64.Build.0 = Debug|Any CPU
		{C311D2D1-A13E-4414-8D87-76BBA2E70E8B}.Debug|x86.ActiveCfg = Debug|Any CPU
		{C311D2D1-A13E-4414-8D87-76BBA2E70E8B}.Debug|x86.Build.0 = Debug|Any CPU
		{C311D2D1-A13E-4414-8D87-76BBA2E70E8B}.DefaultBuild|Any CPU.ActiveCfg = Debug|Any CPU
		{C311D2D1-A13E-4414-8D87-76BBA2E70E8B}.DefaultBuild|Any CPU.Build.0 = Debug|Any CPU
		{C311D2D1-A13E-4414-8D87-76BBA2E70E8B}.DefaultBuild|arm64.ActiveCfg = Debug|Any CPU
		{C311D2D1-A13E-4414-8D87-76BBA2E70E8B}.DefaultBuild|arm64.Build.0 = Debug|Any CPU
		{C311D2D1-A13E-4414-8D87-76BBA2E70E8B}.DefaultBuild|x64.ActiveCfg = Debug|Any CPU
		{C311D2D1-A13E-4414-8D87-76BBA2E70E8B}.DefaultBuild|x64.Build.0 = Debug|Any CPU
		{C311D2D1-A13E-4414-8D87-76BBA2E70E8B}.DefaultBuild|x86.ActiveCfg = Debug|Any CPU
		{C311D2D1-A13E-4414-8D87-76BBA2E70E8B}.DefaultBuild|x86.Build.0 = Debug|Any CPU
		{C311D2D1-A13E-4414-8D87-76BBA2E70E8B}.Release|Any CPU.ActiveCfg = Release|Any CPU
		{C311D2D1-A13E-4414-8D87-76BBA2E70E8B}.Release|Any CPU.Build.0 = Release|Any CPU
		{C311D2D1-A13E-4414-8D87-76BBA2E70E8B}.Release|arm64.ActiveCfg = Release|Any CPU
		{C311D2D1-A13E-4414-8D87-76BBA2E70E8B}.Release|arm64.Build.0 = Release|Any CPU
		{C311D2D1-A13E-4414-8D87-76BBA2E70E8B}.Release|x64.ActiveCfg = Release|Any CPU
		{C311D2D1-A13E-4414-8D87-76BBA2E70E8B}.Release|x64.Build.0 = Release|Any CPU
		{C311D2D1-A13E-4414-8D87-76BBA2E70E8B}.Release|x86.ActiveCfg = Release|Any CPU
		{C311D2D1-A13E-4414-8D87-76BBA2E70E8B}.Release|x86.Build.0 = Release|Any CPU
		{B4CE7D70-DF89-46A7-99A8-C68B41483F29}.Debug|Any CPU.ActiveCfg = Debug|Any CPU
		{B4CE7D70-DF89-46A7-99A8-C68B41483F29}.Debug|Any CPU.Build.0 = Debug|Any CPU
		{B4CE7D70-DF89-46A7-99A8-C68B41483F29}.Debug|arm64.ActiveCfg = Debug|Any CPU
		{B4CE7D70-DF89-46A7-99A8-C68B41483F29}.Debug|arm64.Build.0 = Debug|Any CPU
		{B4CE7D70-DF89-46A7-99A8-C68B41483F29}.Debug|x64.ActiveCfg = Debug|Any CPU
		{B4CE7D70-DF89-46A7-99A8-C68B41483F29}.Debug|x64.Build.0 = Debug|Any CPU
		{B4CE7D70-DF89-46A7-99A8-C68B41483F29}.Debug|x86.ActiveCfg = Debug|Any CPU
		{B4CE7D70-DF89-46A7-99A8-C68B41483F29}.Debug|x86.Build.0 = Debug|Any CPU
		{B4CE7D70-DF89-46A7-99A8-C68B41483F29}.DefaultBuild|Any CPU.ActiveCfg = Debug|Any CPU
		{B4CE7D70-DF89-46A7-99A8-C68B41483F29}.DefaultBuild|Any CPU.Build.0 = Debug|Any CPU
		{B4CE7D70-DF89-46A7-99A8-C68B41483F29}.DefaultBuild|arm64.ActiveCfg = Debug|Any CPU
		{B4CE7D70-DF89-46A7-99A8-C68B41483F29}.DefaultBuild|arm64.Build.0 = Debug|Any CPU
		{B4CE7D70-DF89-46A7-99A8-C68B41483F29}.DefaultBuild|x64.ActiveCfg = Debug|Any CPU
		{B4CE7D70-DF89-46A7-99A8-C68B41483F29}.DefaultBuild|x64.Build.0 = Debug|Any CPU
		{B4CE7D70-DF89-46A7-99A8-C68B41483F29}.DefaultBuild|x86.ActiveCfg = Debug|Any CPU
		{B4CE7D70-DF89-46A7-99A8-C68B41483F29}.DefaultBuild|x86.Build.0 = Debug|Any CPU
		{B4CE7D70-DF89-46A7-99A8-C68B41483F29}.Release|Any CPU.ActiveCfg = Release|Any CPU
		{B4CE7D70-DF89-46A7-99A8-C68B41483F29}.Release|Any CPU.Build.0 = Release|Any CPU
		{B4CE7D70-DF89-46A7-99A8-C68B41483F29}.Release|arm64.ActiveCfg = Release|Any CPU
		{B4CE7D70-DF89-46A7-99A8-C68B41483F29}.Release|arm64.Build.0 = Release|Any CPU
		{B4CE7D70-DF89-46A7-99A8-C68B41483F29}.Release|x64.ActiveCfg = Release|Any CPU
		{B4CE7D70-DF89-46A7-99A8-C68B41483F29}.Release|x64.Build.0 = Release|Any CPU
		{B4CE7D70-DF89-46A7-99A8-C68B41483F29}.Release|x86.ActiveCfg = Release|Any CPU
		{B4CE7D70-DF89-46A7-99A8-C68B41483F29}.Release|x86.Build.0 = Release|Any CPU
		{79A13010-4BFC-40BD-8CD1-5E85FB8E68C8}.Debug|Any CPU.ActiveCfg = Debug|Any CPU
		{79A13010-4BFC-40BD-8CD1-5E85FB8E68C8}.Debug|Any CPU.Build.0 = Debug|Any CPU
		{79A13010-4BFC-40BD-8CD1-5E85FB8E68C8}.Debug|arm64.ActiveCfg = Debug|Any CPU
		{79A13010-4BFC-40BD-8CD1-5E85FB8E68C8}.Debug|arm64.Build.0 = Debug|Any CPU
		{79A13010-4BFC-40BD-8CD1-5E85FB8E68C8}.Debug|x64.ActiveCfg = Debug|Any CPU
		{79A13010-4BFC-40BD-8CD1-5E85FB8E68C8}.Debug|x64.Build.0 = Debug|Any CPU
		{79A13010-4BFC-40BD-8CD1-5E85FB8E68C8}.Debug|x86.ActiveCfg = Debug|Any CPU
		{79A13010-4BFC-40BD-8CD1-5E85FB8E68C8}.Debug|x86.Build.0 = Debug|Any CPU
		{79A13010-4BFC-40BD-8CD1-5E85FB8E68C8}.DefaultBuild|Any CPU.ActiveCfg = Debug|Any CPU
		{79A13010-4BFC-40BD-8CD1-5E85FB8E68C8}.DefaultBuild|Any CPU.Build.0 = Debug|Any CPU
		{79A13010-4BFC-40BD-8CD1-5E85FB8E68C8}.DefaultBuild|arm64.ActiveCfg = Debug|Any CPU
		{79A13010-4BFC-40BD-8CD1-5E85FB8E68C8}.DefaultBuild|arm64.Build.0 = Debug|Any CPU
		{79A13010-4BFC-40BD-8CD1-5E85FB8E68C8}.DefaultBuild|x64.ActiveCfg = Debug|Any CPU
		{79A13010-4BFC-40BD-8CD1-5E85FB8E68C8}.DefaultBuild|x64.Build.0 = Debug|Any CPU
		{79A13010-4BFC-40BD-8CD1-5E85FB8E68C8}.DefaultBuild|x86.ActiveCfg = Debug|Any CPU
		{79A13010-4BFC-40BD-8CD1-5E85FB8E68C8}.DefaultBuild|x86.Build.0 = Debug|Any CPU
		{79A13010-4BFC-40BD-8CD1-5E85FB8E68C8}.Release|Any CPU.ActiveCfg = Release|Any CPU
		{79A13010-4BFC-40BD-8CD1-5E85FB8E68C8}.Release|Any CPU.Build.0 = Release|Any CPU
		{79A13010-4BFC-40BD-8CD1-5E85FB8E68C8}.Release|arm64.ActiveCfg = Release|Any CPU
		{79A13010-4BFC-40BD-8CD1-5E85FB8E68C8}.Release|arm64.Build.0 = Release|Any CPU
		{79A13010-4BFC-40BD-8CD1-5E85FB8E68C8}.Release|x64.ActiveCfg = Release|Any CPU
		{79A13010-4BFC-40BD-8CD1-5E85FB8E68C8}.Release|x64.Build.0 = Release|Any CPU
		{79A13010-4BFC-40BD-8CD1-5E85FB8E68C8}.Release|x86.ActiveCfg = Release|Any CPU
		{79A13010-4BFC-40BD-8CD1-5E85FB8E68C8}.Release|x86.Build.0 = Release|Any CPU
		{3D952090-E6B5-4F0A-AFD5-87CCAFF8E601}.Debug|Any CPU.ActiveCfg = Debug|Any CPU
		{3D952090-E6B5-4F0A-AFD5-87CCAFF8E601}.Debug|Any CPU.Build.0 = Debug|Any CPU
		{3D952090-E6B5-4F0A-AFD5-87CCAFF8E601}.Debug|arm64.ActiveCfg = Debug|Any CPU
		{3D952090-E6B5-4F0A-AFD5-87CCAFF8E601}.Debug|arm64.Build.0 = Debug|Any CPU
		{3D952090-E6B5-4F0A-AFD5-87CCAFF8E601}.Debug|x64.ActiveCfg = Debug|Any CPU
		{3D952090-E6B5-4F0A-AFD5-87CCAFF8E601}.Debug|x64.Build.0 = Debug|Any CPU
		{3D952090-E6B5-4F0A-AFD5-87CCAFF8E601}.Debug|x86.ActiveCfg = Debug|Any CPU
		{3D952090-E6B5-4F0A-AFD5-87CCAFF8E601}.Debug|x86.Build.0 = Debug|Any CPU
		{3D952090-E6B5-4F0A-AFD5-87CCAFF8E601}.DefaultBuild|Any CPU.ActiveCfg = Debug|Any CPU
		{3D952090-E6B5-4F0A-AFD5-87CCAFF8E601}.DefaultBuild|Any CPU.Build.0 = Debug|Any CPU
		{3D952090-E6B5-4F0A-AFD5-87CCAFF8E601}.DefaultBuild|arm64.ActiveCfg = Debug|Any CPU
		{3D952090-E6B5-4F0A-AFD5-87CCAFF8E601}.DefaultBuild|arm64.Build.0 = Debug|Any CPU
		{3D952090-E6B5-4F0A-AFD5-87CCAFF8E601}.DefaultBuild|x64.ActiveCfg = Debug|Any CPU
		{3D952090-E6B5-4F0A-AFD5-87CCAFF8E601}.DefaultBuild|x64.Build.0 = Debug|Any CPU
		{3D952090-E6B5-4F0A-AFD5-87CCAFF8E601}.DefaultBuild|x86.ActiveCfg = Debug|Any CPU
		{3D952090-E6B5-4F0A-AFD5-87CCAFF8E601}.DefaultBuild|x86.Build.0 = Debug|Any CPU
		{3D952090-E6B5-4F0A-AFD5-87CCAFF8E601}.Release|Any CPU.ActiveCfg = Release|Any CPU
		{3D952090-E6B5-4F0A-AFD5-87CCAFF8E601}.Release|Any CPU.Build.0 = Release|Any CPU
		{3D952090-E6B5-4F0A-AFD5-87CCAFF8E601}.Release|arm64.ActiveCfg = Release|Any CPU
		{3D952090-E6B5-4F0A-AFD5-87CCAFF8E601}.Release|arm64.Build.0 = Release|Any CPU
		{3D952090-E6B5-4F0A-AFD5-87CCAFF8E601}.Release|x64.ActiveCfg = Release|Any CPU
		{3D952090-E6B5-4F0A-AFD5-87CCAFF8E601}.Release|x64.Build.0 = Release|Any CPU
		{3D952090-E6B5-4F0A-AFD5-87CCAFF8E601}.Release|x86.ActiveCfg = Release|Any CPU
		{3D952090-E6B5-4F0A-AFD5-87CCAFF8E601}.Release|x86.Build.0 = Release|Any CPU
		{DB908299-3BAA-4411-913C-35889E5B7EE0}.Debug|Any CPU.ActiveCfg = Debug|Any CPU
		{DB908299-3BAA-4411-913C-35889E5B7EE0}.Debug|Any CPU.Build.0 = Debug|Any CPU
		{DB908299-3BAA-4411-913C-35889E5B7EE0}.Debug|arm64.ActiveCfg = Debug|Any CPU
		{DB908299-3BAA-4411-913C-35889E5B7EE0}.Debug|arm64.Build.0 = Debug|Any CPU
		{DB908299-3BAA-4411-913C-35889E5B7EE0}.Debug|x64.ActiveCfg = Debug|Any CPU
		{DB908299-3BAA-4411-913C-35889E5B7EE0}.Debug|x64.Build.0 = Debug|Any CPU
		{DB908299-3BAA-4411-913C-35889E5B7EE0}.Debug|x86.ActiveCfg = Debug|Any CPU
		{DB908299-3BAA-4411-913C-35889E5B7EE0}.Debug|x86.Build.0 = Debug|Any CPU
		{DB908299-3BAA-4411-913C-35889E5B7EE0}.DefaultBuild|Any CPU.ActiveCfg = Debug|Any CPU
		{DB908299-3BAA-4411-913C-35889E5B7EE0}.DefaultBuild|Any CPU.Build.0 = Debug|Any CPU
		{DB908299-3BAA-4411-913C-35889E5B7EE0}.DefaultBuild|arm64.ActiveCfg = Debug|Any CPU
		{DB908299-3BAA-4411-913C-35889E5B7EE0}.DefaultBuild|arm64.Build.0 = Debug|Any CPU
		{DB908299-3BAA-4411-913C-35889E5B7EE0}.DefaultBuild|x64.ActiveCfg = Debug|Any CPU
		{DB908299-3BAA-4411-913C-35889E5B7EE0}.DefaultBuild|x64.Build.0 = Debug|Any CPU
		{DB908299-3BAA-4411-913C-35889E5B7EE0}.DefaultBuild|x86.ActiveCfg = Debug|Any CPU
		{DB908299-3BAA-4411-913C-35889E5B7EE0}.DefaultBuild|x86.Build.0 = Debug|Any CPU
		{DB908299-3BAA-4411-913C-35889E5B7EE0}.Release|Any CPU.ActiveCfg = Release|Any CPU
		{DB908299-3BAA-4411-913C-35889E5B7EE0}.Release|Any CPU.Build.0 = Release|Any CPU
		{DB908299-3BAA-4411-913C-35889E5B7EE0}.Release|arm64.ActiveCfg = Release|Any CPU
		{DB908299-3BAA-4411-913C-35889E5B7EE0}.Release|arm64.Build.0 = Release|Any CPU
		{DB908299-3BAA-4411-913C-35889E5B7EE0}.Release|x64.ActiveCfg = Release|Any CPU
		{DB908299-3BAA-4411-913C-35889E5B7EE0}.Release|x64.Build.0 = Release|Any CPU
		{DB908299-3BAA-4411-913C-35889E5B7EE0}.Release|x86.ActiveCfg = Release|Any CPU
		{DB908299-3BAA-4411-913C-35889E5B7EE0}.Release|x86.Build.0 = Release|Any CPU
		{86C35828-1D68-4C66-A587-738A8C45AC35}.Debug|Any CPU.ActiveCfg = Debug|Any CPU
		{86C35828-1D68-4C66-A587-738A8C45AC35}.Debug|Any CPU.Build.0 = Debug|Any CPU
		{86C35828-1D68-4C66-A587-738A8C45AC35}.Debug|arm64.ActiveCfg = Debug|Any CPU
		{86C35828-1D68-4C66-A587-738A8C45AC35}.Debug|arm64.Build.0 = Debug|Any CPU
		{86C35828-1D68-4C66-A587-738A8C45AC35}.Debug|x64.ActiveCfg = Debug|Any CPU
		{86C35828-1D68-4C66-A587-738A8C45AC35}.Debug|x64.Build.0 = Debug|Any CPU
		{86C35828-1D68-4C66-A587-738A8C45AC35}.Debug|x86.ActiveCfg = Debug|Any CPU
		{86C35828-1D68-4C66-A587-738A8C45AC35}.Debug|x86.Build.0 = Debug|Any CPU
		{86C35828-1D68-4C66-A587-738A8C45AC35}.DefaultBuild|Any CPU.ActiveCfg = Debug|Any CPU
		{86C35828-1D68-4C66-A587-738A8C45AC35}.DefaultBuild|Any CPU.Build.0 = Debug|Any CPU
		{86C35828-1D68-4C66-A587-738A8C45AC35}.DefaultBuild|arm64.ActiveCfg = Debug|Any CPU
		{86C35828-1D68-4C66-A587-738A8C45AC35}.DefaultBuild|arm64.Build.0 = Debug|Any CPU
		{86C35828-1D68-4C66-A587-738A8C45AC35}.DefaultBuild|x64.ActiveCfg = Debug|Any CPU
		{86C35828-1D68-4C66-A587-738A8C45AC35}.DefaultBuild|x64.Build.0 = Debug|Any CPU
		{86C35828-1D68-4C66-A587-738A8C45AC35}.DefaultBuild|x86.ActiveCfg = Debug|Any CPU
		{86C35828-1D68-4C66-A587-738A8C45AC35}.DefaultBuild|x86.Build.0 = Debug|Any CPU
		{86C35828-1D68-4C66-A587-738A8C45AC35}.Release|Any CPU.ActiveCfg = Release|Any CPU
		{86C35828-1D68-4C66-A587-738A8C45AC35}.Release|Any CPU.Build.0 = Release|Any CPU
		{86C35828-1D68-4C66-A587-738A8C45AC35}.Release|arm64.ActiveCfg = Release|Any CPU
		{86C35828-1D68-4C66-A587-738A8C45AC35}.Release|arm64.Build.0 = Release|Any CPU
		{86C35828-1D68-4C66-A587-738A8C45AC35}.Release|x64.ActiveCfg = Release|Any CPU
		{86C35828-1D68-4C66-A587-738A8C45AC35}.Release|x64.Build.0 = Release|Any CPU
		{86C35828-1D68-4C66-A587-738A8C45AC35}.Release|x86.ActiveCfg = Release|Any CPU
		{86C35828-1D68-4C66-A587-738A8C45AC35}.Release|x86.Build.0 = Release|Any CPU
		{7A73FA94-5616-472C-ACDD-FD2E3F46EC2C}.Debug|Any CPU.ActiveCfg = Debug|Any CPU
		{7A73FA94-5616-472C-ACDD-FD2E3F46EC2C}.Debug|Any CPU.Build.0 = Debug|Any CPU
		{7A73FA94-5616-472C-ACDD-FD2E3F46EC2C}.Debug|arm64.ActiveCfg = Debug|Any CPU
		{7A73FA94-5616-472C-ACDD-FD2E3F46EC2C}.Debug|arm64.Build.0 = Debug|Any CPU
		{7A73FA94-5616-472C-ACDD-FD2E3F46EC2C}.Debug|x64.ActiveCfg = Debug|Any CPU
		{7A73FA94-5616-472C-ACDD-FD2E3F46EC2C}.Debug|x64.Build.0 = Debug|Any CPU
		{7A73FA94-5616-472C-ACDD-FD2E3F46EC2C}.Debug|x86.ActiveCfg = Debug|Any CPU
		{7A73FA94-5616-472C-ACDD-FD2E3F46EC2C}.Debug|x86.Build.0 = Debug|Any CPU
		{7A73FA94-5616-472C-ACDD-FD2E3F46EC2C}.DefaultBuild|Any CPU.ActiveCfg = Debug|Any CPU
		{7A73FA94-5616-472C-ACDD-FD2E3F46EC2C}.DefaultBuild|Any CPU.Build.0 = Debug|Any CPU
		{7A73FA94-5616-472C-ACDD-FD2E3F46EC2C}.DefaultBuild|arm64.ActiveCfg = Debug|Any CPU
		{7A73FA94-5616-472C-ACDD-FD2E3F46EC2C}.DefaultBuild|arm64.Build.0 = Debug|Any CPU
		{7A73FA94-5616-472C-ACDD-FD2E3F46EC2C}.DefaultBuild|x64.ActiveCfg = Debug|Any CPU
		{7A73FA94-5616-472C-ACDD-FD2E3F46EC2C}.DefaultBuild|x64.Build.0 = Debug|Any CPU
		{7A73FA94-5616-472C-ACDD-FD2E3F46EC2C}.DefaultBuild|x86.ActiveCfg = Debug|Any CPU
		{7A73FA94-5616-472C-ACDD-FD2E3F46EC2C}.DefaultBuild|x86.Build.0 = Debug|Any CPU
		{7A73FA94-5616-472C-ACDD-FD2E3F46EC2C}.Release|Any CPU.ActiveCfg = Release|Any CPU
		{7A73FA94-5616-472C-ACDD-FD2E3F46EC2C}.Release|Any CPU.Build.0 = Release|Any CPU
		{7A73FA94-5616-472C-ACDD-FD2E3F46EC2C}.Release|arm64.ActiveCfg = Release|Any CPU
		{7A73FA94-5616-472C-ACDD-FD2E3F46EC2C}.Release|arm64.Build.0 = Release|Any CPU
		{7A73FA94-5616-472C-ACDD-FD2E3F46EC2C}.Release|x64.ActiveCfg = Release|Any CPU
		{7A73FA94-5616-472C-ACDD-FD2E3F46EC2C}.Release|x64.Build.0 = Release|Any CPU
		{7A73FA94-5616-472C-ACDD-FD2E3F46EC2C}.Release|x86.ActiveCfg = Release|Any CPU
		{7A73FA94-5616-472C-ACDD-FD2E3F46EC2C}.Release|x86.Build.0 = Release|Any CPU
		{49D0A0BE-C15F-40A3-8899-3BD5FE6F5CA0}.Debug|Any CPU.ActiveCfg = Debug
		{49D0A0BE-C15F-40A3-8899-3BD5FE6F5CA0}.Debug|arm64.ActiveCfg = Debug
		{49D0A0BE-C15F-40A3-8899-3BD5FE6F5CA0}.Debug|x64.ActiveCfg = Debug
		{49D0A0BE-C15F-40A3-8899-3BD5FE6F5CA0}.Debug|x86.ActiveCfg = Debug
		{49D0A0BE-C15F-40A3-8899-3BD5FE6F5CA0}.DefaultBuild|Any CPU.ActiveCfg = Debug
		{49D0A0BE-C15F-40A3-8899-3BD5FE6F5CA0}.DefaultBuild|arm64.ActiveCfg = Debug
		{49D0A0BE-C15F-40A3-8899-3BD5FE6F5CA0}.DefaultBuild|x64.ActiveCfg = Debug
		{49D0A0BE-C15F-40A3-8899-3BD5FE6F5CA0}.DefaultBuild|x86.ActiveCfg = Debug
		{49D0A0BE-C15F-40A3-8899-3BD5FE6F5CA0}.Release|Any CPU.ActiveCfg = Release
		{49D0A0BE-C15F-40A3-8899-3BD5FE6F5CA0}.Release|arm64.ActiveCfg = Release
		{49D0A0BE-C15F-40A3-8899-3BD5FE6F5CA0}.Release|x64.ActiveCfg = Release
		{49D0A0BE-C15F-40A3-8899-3BD5FE6F5CA0}.Release|x86.ActiveCfg = Release
	EndGlobalSection
	GlobalSection(SolutionProperties) = preSolution
		HideSolutionNode = FALSE
	EndGlobalSection
	GlobalSection(ExtensibilityGlobals) = postSolution
		SolutionGuid = {11C1DD9A-F681-42CD-AB6F-E63EEF0BACBB}
	EndGlobalSection
EndGlobal
