
Microsoft Visual Studio Solution File, Format Version 12.00
# Visual Studio Version 17
VisualStudioVersion = 17.2.32616.157
MinimumVisualStudioVersion = 10.0.40219.1
Project("{9A19103F-16F7-4668-BE54-9A1E7A4F7556}") = "OptimaValue", "OptimaValue.csproj", "{31ECA409-EF3C-47C6-BEA7-E214A0445F38}"
EndProject
Project("{9A19103F-16F7-4668-BE54-9A1E7A4F7556}") = "OptimaValue.Wpf", "Projects\OptimaValue.Wpf\OptimaValue.Wpf.csproj", "{F9320502-AFFF-4700-A761-2616CAC5A2A2}"
EndProject
Project("{9A19103F-16F7-4668-BE54-9A1E7A4F7556}") = "OptimaValue.Config", "Projects\OptimaValue.Settings\OptimaValue.Config.csproj", "{C311D2D1-A13E-4414-8D87-76BBA2E70E8B}"
EndProject
Project("{9A19103F-16F7-4668-BE54-9A1E7A4F7556}") = "OptimaValue.Trend", "Projects\OptimaValue.Trend\OptimaValue.Trend.csproj", "{B4CE7D70-DF89-46A7-99A8-C68B41483F29}"
EndProject
Project("{54435603-DBB4-11D2-8724-00A0C9A8B90C}") = "OptimaValue.Setup", "..\OptimaValue.Setup\OptimaValue.Setup.vdproj", "{96302CCE-FD57-4EF3-98F8-7350F6C02B83}"
EndProject
Global
	GlobalSection(SolutionConfigurationPlatforms) = preSolution
		Debug|Any CPU = Debug|Any CPU
		Debug|arm64 = Debug|arm64
		Debug|x64 = Debug|x64
		Debug|x86 = Debug|x86
		DefaultBuild|Any CPU = DefaultBuild|Any CPU
		DefaultBuild|arm64 = DefaultBuild|arm64
		DefaultBuild|x64 = DefaultBuild|x64
		DefaultBuild|x86 = DefaultBuild|x86
		Release|Any CPU = Release|Any CPU
		Release|arm64 = Release|arm64
		Release|x64 = Release|x64
		Release|x86 = Release|x86
	EndGlobalSection
	GlobalSection(ProjectConfigurationPlatforms) = postSolution
		{31ECA409-EF3C-47C6-BEA7-E214A0445F38}.Debug|Any CPU.ActiveCfg = Debug|Any CPU
		{31ECA409-EF3C-47C6-BEA7-E214A0445F38}.Debug|Any CPU.Build.0 = Debug|Any CPU
		{31ECA409-EF3C-47C6-BEA7-E214A0445F38}.Debug|arm64.ActiveCfg = Debug|Any CPU
		{31ECA409-EF3C-47C6-BEA7-E214A0445F38}.Debug|arm64.Build.0 = Debug|Any CPU
		{31ECA409-EF3C-47C6-BEA7-E214A0445F38}.Debug|x64.ActiveCfg = Debug|x64
		{31ECA409-EF3C-47C6-BEA7-E214A0445F38}.Debug|x64.Build.0 = Debug|x64
		{31ECA409-EF3C-47C6-BEA7-E214A0445F38}.Debug|x86.ActiveCfg = Debug|Any CPU
		{31ECA409-EF3C-47C6-BEA7-E214A0445F38}.Debug|x86.Build.0 = Debug|Any CPU
		{31ECA409-EF3C-47C6-BEA7-E214A0445F38}.DefaultBuild|Any CPU.ActiveCfg = Debug|Any CPU
		{31ECA409-EF3C-47C6-BEA7-E214A0445F38}.DefaultBuild|Any CPU.Build.0 = Debug|Any CPU
		{31ECA409-EF3C-47C6-BEA7-E214A0445F38}.DefaultBuild|arm64.ActiveCfg = Debug|Any CPU
		{31ECA409-EF3C-47C6-BEA7-E214A0445F38}.DefaultBuild|arm64.Build.0 = Debug|Any CPU
		{31ECA409-EF3C-47C6-BEA7-E214A0445F38}.DefaultBuild|x64.ActiveCfg = Debug|x64
		{31ECA409-EF3C-47C6-BEA7-E214A0445F38}.DefaultBuild|x64.Build.0 = Debug|x64
		{31ECA409-EF3C-47C6-BEA7-E214A0445F38}.DefaultBuild|x86.ActiveCfg = Debug|Any CPU
		{31ECA409-EF3C-47C6-BEA7-E214A0445F38}.DefaultBuild|x86.Build.0 = Debug|Any CPU
		{31ECA409-EF3C-47C6-BEA7-E214A0445F38}.Release|Any CPU.ActiveCfg = Release|Any CPU
		{31ECA409-EF3C-47C6-BEA7-E214A0445F38}.Release|Any CPU.Build.0 = Release|Any CPU
		{31ECA409-EF3C-47C6-BEA7-E214A0445F38}.Release|arm64.ActiveCfg = Release|Any CPU
		{31ECA409-EF3C-47C6-BEA7-E214A0445F38}.Release|arm64.Build.0 = Release|Any CPU
		{31ECA409-EF3C-47C6-BEA7-E214A0445F38}.Release|x64.ActiveCfg = Release|Any CPU
		{31ECA409-EF3C-47C6-BEA7-E214A0445F38}.Release|x64.Build.0 = Release|Any CPU
		{31ECA409-EF3C-47C6-BEA7-E214A0445F38}.Release|x86.ActiveCfg = Release|Any CPU
		{31ECA409-EF3C-47C6-BEA7-E214A0445F38}.Release|x86.Build.0 = Release|Any CPU
		{F9320502-AFFF-4700-A761-2616CAC5A2A2}.Debug|Any CPU.ActiveCfg = Debug|Any CPU
		{F9320502-AFFF-4700-A761-2616CAC5A2A2}.Debug|Any CPU.Build.0 = Debug|Any CPU
		{F9320502-AFFF-4700-A761-2616CAC5A2A2}.Debug|arm64.ActiveCfg = Debug|Any CPU
		{F9320502-AFFF-4700-A761-2616CAC5A2A2}.Debug|arm64.Build.0 = Debug|Any CPU
		{F9320502-AFFF-4700-A761-2616CAC5A2A2}.Debug|x64.ActiveCfg = Debug|Any CPU
		{F9320502-AFFF-4700-A761-2616CAC5A2A2}.Debug|x64.Build.0 = Debug|Any CPU
		{F9320502-AFFF-4700-A761-2616CAC5A2A2}.Debug|x86.ActiveCfg = Debug|Any CPU
		{F9320502-AFFF-4700-A761-2616CAC5A2A2}.Debug|x86.Build.0 = Debug|Any CPU
		{F9320502-AFFF-4700-A761-2616CAC5A2A2}.DefaultBuild|Any CPU.ActiveCfg = Debug|Any CPU
		{F9320502-AFFF-4700-A761-2616CAC5A2A2}.DefaultBuild|Any CPU.Build.0 = Debug|Any CPU
		{F9320502-AFFF-4700-A761-2616CAC5A2A2}.DefaultBuild|arm64.ActiveCfg = Debug|Any CPU
		{F9320502-AFFF-4700-A761-2616CAC5A2A2}.DefaultBuild|arm64.Build.0 = Debug|Any CPU
		{F9320502-AFFF-4700-A761-2616CAC5A2A2}.DefaultBuild|x64.ActiveCfg = Debug|Any CPU
		{F9320502-AFFF-4700-A761-2616CAC5A2A2}.DefaultBuild|x64.Build.0 = Debug|Any CPU
		{F9320502-AFFF-4700-A761-2616CAC5A2A2}.DefaultBuild|x86.ActiveCfg = Debug|Any CPU
		{F9320502-AFFF-4700-A761-2616CAC5A2A2}.DefaultBuild|x86.Build.0 = Debug|Any CPU
		{F9320502-AFFF-4700-A761-2616CAC5A2A2}.Release|Any CPU.ActiveCfg = Release|Any CPU
		{F9320502-AFFF-4700-A761-2616CAC5A2A2}.Release|Any CPU.Build.0 = Release|Any CPU
		{F9320502-AFFF-4700-A761-2616CAC5A2A2}.Release|arm64.ActiveCfg = Release|Any CPU
		{F9320502-AFFF-4700-A761-2616CAC5A2A2}.Release|arm64.Build.0 = Release|Any CPU
		{F9320502-AFFF-4700-A761-2616CAC5A2A2}.Release|x64.ActiveCfg = Release|Any CPU
		{F9320502-AFFF-4700-A761-2616CAC5A2A2}.Release|x64.Build.0 = Release|Any CPU
		{F9320502-AFFF-4700-A761-2616CAC5A2A2}.Release|x86.ActiveCfg = Release|Any CPU
		{F9320502-AFFF-4700-A761-2616CAC5A2A2}.Release|x86.Build.0 = Release|Any CPU
		{C311D2D1-A13E-4414-8D87-76BBA2E70E8B}.Debug|Any CPU.ActiveCfg = Debug|Any CPU
		{C311D2D1-A13E-4414-8D87-76BBA2E70E8B}.Debug|Any CPU.Build.0 = Debug|Any CPU
		{C311D2D1-A13E-4414-8D87-76BBA2E70E8B}.Debug|arm64.ActiveCfg = Debug|Any CPU
		{C311D2D1-A13E-4414-8D87-76BBA2E70E8B}.Debug|arm64.Build.0 = Debug|Any CPU
		{C311D2D1-A13E-4414-8D87-76BBA2E70E8B}.Debug|x64.ActiveCfg = Debug|Any CPU
		{C311D2D1-A13E-4414-8D87-76BBA2E70E8B}.Debug|x64.Build.0 = Debug|Any CPU
		{C311D2D1-A13E-4414-8D87-76BBA2E70E8B}.Debug|x86.ActiveCfg = Debug|Any CPU
		{C311D2D1-A13E-4414-8D87-76BBA2E70E8B}.Debug|x86.Build.0 = Debug|Any CPU
		{C311D2D1-A13E-4414-8D87-76BBA2E70E8B}.DefaultBuild|Any CPU.ActiveCfg = Debug|Any CPU
		{C311D2D1-A13E-4414-8D87-76BBA2E70E8B}.DefaultBuild|Any CPU.Build.0 = Debug|Any CPU
		{C311D2D1-A13E-4414-8D87-76BBA2E70E8B}.DefaultBuild|arm64.ActiveCfg = Debug|Any CPU
		{C311D2D1-A13E-4414-8D87-76BBA2E70E8B}.DefaultBuild|arm64.Build.0 = Debug|Any CPU
		{C311D2D1-A13E-4414-8D87-76BBA2E70E8B}.DefaultBuild|x64.ActiveCfg = Debug|Any CPU
		{C311D2D1-A13E-4414-8D87-76BBA2E70E8B}.DefaultBuild|x64.Build.0 = Debug|Any CPU
		{C311D2D1-A13E-4414-8D87-76BBA2E70E8B}.DefaultBuild|x86.ActiveCfg = Debug|Any CPU
		{C311D2D1-A13E-4414-8D87-76BBA2E70E8B}.DefaultBuild|x86.Build.0 = Debug|Any CPU
		{C311D2D1-A13E-4414-8D87-76BBA2E70E8B}.Release|Any CPU.ActiveCfg = Release|Any CPU
		{C311D2D1-A13E-4414-8D87-76BBA2E70E8B}.Release|Any CPU.Build.0 = Release|Any CPU
		{C311D2D1-A13E-4414-8D87-76BBA2E70E8B}.Release|arm64.ActiveCfg = Release|Any CPU
		{C311D2D1-A13E-4414-8D87-76BBA2E70E8B}.Release|arm64.Build.0 = Release|Any CPU
		{C311D2D1-A13E-4414-8D87-76BBA2E70E8B}.Release|x64.ActiveCfg = Release|Any CPU
		{C311D2D1-A13E-4414-8D87-76BBA2E70E8B}.Release|x64.Build.0 = Release|Any CPU
		{C311D2D1-A13E-4414-8D87-76BBA2E70E8B}.Release|x86.ActiveCfg = Release|Any CPU
		{C311D2D1-A13E-4414-8D87-76BBA2E70E8B}.Release|x86.Build.0 = Release|Any CPU
		{B4CE7D70-DF89-46A7-99A8-C68B41483F29}.Debug|Any CPU.ActiveCfg = Debug|Any CPU
		{B4CE7D70-DF89-46A7-99A8-C68B41483F29}.Debug|Any CPU.Build.0 = Debug|Any CPU
		{B4CE7D70-DF89-46A7-99A8-C68B41483F29}.Debug|arm64.ActiveCfg = Debug|Any CPU
		{B4CE7D70-DF89-46A7-99A8-C68B41483F29}.Debug|arm64.Build.0 = Debug|Any CPU
		{B4CE7D70-DF89-46A7-99A8-C68B41483F29}.Debug|x64.ActiveCfg = Debug|Any CPU
		{B4CE7D70-DF89-46A7-99A8-C68B41483F29}.Debug|x64.Build.0 = Debug|Any CPU
		{B4CE7D70-DF89-46A7-99A8-C68B41483F29}.Debug|x86.ActiveCfg = Debug|Any CPU
		{B4CE7D70-DF89-46A7-99A8-C68B41483F29}.Debug|x86.Build.0 = Debug|Any CPU
		{B4CE7D70-DF89-46A7-99A8-C68B41483F29}.DefaultBuild|Any CPU.ActiveCfg = Debug|Any CPU
		{B4CE7D70-DF89-46A7-99A8-C68B41483F29}.DefaultBuild|Any CPU.Build.0 = Debug|Any CPU
		{B4CE7D70-DF89-46A7-99A8-C68B41483F29}.DefaultBuild|arm64.ActiveCfg = Debug|Any CPU
		{B4CE7D70-DF89-46A7-99A8-C68B41483F29}.DefaultBuild|arm64.Build.0 = Debug|Any CPU
		{B4CE7D70-DF89-46A7-99A8-C68B41483F29}.DefaultBuild|x64.ActiveCfg = Debug|Any CPU
		{B4CE7D70-DF89-46A7-99A8-C68B41483F29}.DefaultBuild|x64.Build.0 = Debug|Any CPU
		{B4CE7D70-DF89-46A7-99A8-C68B41483F29}.DefaultBuild|x86.ActiveCfg = Debug|Any CPU
		{B4CE7D70-DF89-46A7-99A8-C68B41483F29}.DefaultBuild|x86.Build.0 = Debug|Any CPU
		{B4CE7D70-DF89-46A7-99A8-C68B41483F29}.Release|Any CPU.ActiveCfg = Release|Any CPU
		{B4CE7D70-DF89-46A7-99A8-C68B41483F29}.Release|Any CPU.Build.0 = Release|Any CPU
		{B4CE7D70-DF89-46A7-99A8-C68B41483F29}.Release|arm64.ActiveCfg = Release|Any CPU
		{B4CE7D70-DF89-46A7-99A8-C68B41483F29}.Release|arm64.Build.0 = Release|Any CPU
		{B4CE7D70-DF89-46A7-99A8-C68B41483F29}.Release|x64.ActiveCfg = Release|Any CPU
		{B4CE7D70-DF89-46A7-99A8-C68B41483F29}.Release|x64.Build.0 = Release|Any CPU
		{B4CE7D70-DF89-46A7-99A8-C68B41483F29}.Release|x86.ActiveCfg = Release|Any CPU
		{B4CE7D70-DF89-46A7-99A8-C68B41483F29}.Release|x86.Build.0 = Release|Any CPU
		{96302CCE-FD57-4EF3-98F8-7350F6C02B83}.Debug|Any CPU.ActiveCfg = Debug
		{96302CCE-FD57-4EF3-98F8-7350F6C02B83}.Debug|arm64.ActiveCfg = Debug
		{96302CCE-FD57-4EF3-98F8-7350F6C02B83}.Debug|x64.ActiveCfg = Debug
		{96302CCE-FD57-4EF3-98F8-7350F6C02B83}.Debug|x86.ActiveCfg = Debug
		{96302CCE-FD57-4EF3-98F8-7350F6C02B83}.DefaultBuild|Any CPU.ActiveCfg = Debug
		{96302CCE-FD57-4EF3-98F8-7350F6C02B83}.DefaultBuild|arm64.ActiveCfg = Debug
		{96302CCE-FD57-4EF3-98F8-7350F6C02B83}.DefaultBuild|x64.ActiveCfg = Debug
		{96302CCE-FD57-4EF3-98F8-7350F6C02B83}.DefaultBuild|x86.ActiveCfg = Debug
		{96302CCE-FD57-4EF3-98F8-7350F6C02B83}.Release|Any CPU.ActiveCfg = Release
		{96302CCE-FD57-4EF3-98F8-7350F6C02B83}.Release|arm64.ActiveCfg = Release
		{96302CCE-FD57-4EF3-98F8-7350F6C02B83}.Release|x64.ActiveCfg = Release
		{96302CCE-FD57-4EF3-98F8-7350F6C02B83}.Release|x86.ActiveCfg = Release
	EndGlobalSection
	GlobalSection(SolutionProperties) = preSolution
		HideSolutionNode = FALSE
	EndGlobalSection
	GlobalSection(ExtensibilityGlobals) = postSolution
		SolutionGuid = {11C1DD9A-F681-42CD-AB6F-E63EEF0BACBB}
	EndGlobalSection
EndGlobal
